
Microsoft Visual Studio Solution File, Format Version 12.00
# Visual Studio Version 16
VisualStudioVersion = 16.0.30804.86
MinimumVisualStudioVersion = 10.0.40219.1
Project("{FAE04EC0-301F-11D3-BF4B-00C04F79EFBC}") = "ELibrary2", "ELibrary2\ELibrary2.csproj", "{30BAB3E3-89DB-493C-834B-C128A4857D24}"
EndProject
Global
	GlobalSection(SolutionConfigurationPlatforms) = preSolution
		Debug|Any CPU = Debug|Any CPU
		Release|Any CPU = Release|Any CPU
	EndGlobalSection
	GlobalSection(ProjectConfigurationPlatforms) = postSolution
		{30BAB3E3-89DB-493C-834B-C128A4857D24}.Debug|Any CPU.ActiveCfg = Debug|Any CPU
		{30BAB3E3-89DB-493C-834B-C128A4857D24}.Debug|Any CPU.Build.0 = Debug|Any CPU
		{30BAB3E3-89DB-493C-834B-C128A4857D24}.Release|Any CPU.ActiveCfg = Release|Any CPU
		{30BAB3E3-89DB-493C-834B-C128A4857D24}.Release|Any CPU.Build.0 = Release|Any CPU
	EndGlobalSection
	GlobalSection(SolutionProperties) = preSolution
		HideSolutionNode = FALSE
	EndGlobalSection
	GlobalSection(ExtensibilityGlobals) = postSolution
		SolutionGuid = {08AF7A7C-4376-4275-A224-626E08ADDA23}
	EndGlobalSection
EndGlobal
